# This file is automatically @generated by Cargo.
# It is not intended for manual editing.
version = 3

[[package]]
name = "double-dep"
version = "0.1.0"
dependencies = [
 "single-dep",
]

[[package]]
name = "single-dep"
version = "0.1.0"
dependencies = [
 "zero-dep",
]

[[package]]
name = "triple-dep"
version = "0.1.0"
dependencies = [
 "double-dep",
]

[[package]]
name = "zero-dep"
version = "0.1.0"
